
Microsoft Visual Studio Solution File, Format Version 12.00
# Visual Studio Version 17
VisualStudioVersion = 17.5.002.0
MinimumVisualStudioVersion = 10.0.40219.1
Project("{9A19103F-16F7-4668-BE54-9A1E7A4F7556}") = "HoneyRaesAPI", "HoneyRaesAPI.csproj", "{E40B6C98-D632-4C1A-A30C-204E344E5A3A}"
EndProject
Global
	GlobalSection(SolutionConfigurationPlatforms) = preSolution
		Debug|Any CPU = Debug|Any CPU
		Release|Any CPU = Release|Any CPU
	EndGlobalSection
	GlobalSection(ProjectConfigurationPlatforms) = postSolution
		{E40B6C98-D632-4C1A-A30C-204E344E5A3A}.Debug|Any CPU.ActiveCfg = Debug|Any CPU
		{E40B6C98-D632-4C1A-A30C-204E344E5A3A}.Debug|Any CPU.Build.0 = Debug|Any CPU
		{E40B6C98-D632-4C1A-A30C-204E344E5A3A}.Release|Any CPU.ActiveCfg = Release|Any CPU
		{E40B6C98-D632-4C1A-A30C-204E344E5A3A}.Release|Any CPU.Build.0 = Release|Any CPU
	EndGlobalSection
	GlobalSection(SolutionProperties) = preSolution
		HideSolutionNode = FALSE
	EndGlobalSection
	GlobalSection(ExtensibilityGlobals) = postSolution
		SolutionGuid = {9CDD5C45-1CC5-42A5-AB00-8B5C20C32B4C}
	EndGlobalSection
EndGlobal
